
Microsoft Visual Studio Solution File, Format Version 12.00
# Visual Studio Version 16
VisualStudioVersion = 16.0.30611.23
MinimumVisualStudioVersion = 10.0.40219.1
Project("{FAE04EC0-301F-11D3-BF4B-00C04F79EFBC}") = "18_crop_an_image", "18_crop_an_image\18_crop_an_image.csproj", "{B36A46EB-1195-4C25-B182-A1DA6F662931}"
EndProject
Global
	GlobalSection(SolutionConfigurationPlatforms) = preSolution
		Debug|Any CPU = Debug|Any CPU
		Release|Any CPU = Release|Any CPU
	EndGlobalSection
	GlobalSection(ProjectConfigurationPlatforms) = postSolution
		{B36A46EB-1195-4C25-B182-A1DA6F662931}.Debug|Any CPU.ActiveCfg = Debug|Any CPU
		{B36A46EB-1195-4C25-B182-A1DA6F662931}.Debug|Any CPU.Build.0 = Debug|Any CPU
		{B36A46EB-1195-4C25-B182-A1DA6F662931}.Release|Any CPU.ActiveCfg = Release|Any CPU
		{B36A46EB-1195-4C25-B182-A1DA6F662931}.Release|Any CPU.Build.0 = Release|Any CPU
	EndGlobalSection
	GlobalSection(SolutionProperties) = preSolution
		HideSolutionNode = FALSE
	EndGlobalSection
	GlobalSection(ExtensibilityGlobals) = postSolution
		SolutionGuid = {EE4E67C2-AE82-4F77-B4F1-513CDDF287F4}
	EndGlobalSection
EndGlobal
