
Microsoft Visual Studio Solution File, Format Version 12.00
# Visual Studio Version 16
VisualStudioVersion = 16.0.30611.23
MinimumVisualStudioVersion = 10.0.40219.1
Project("{FAE04EC0-301F-11D3-BF4B-00C04F79EFBC}") = "17_gestion_ficheros", "17_gestion_ficheros\17_gestion_ficheros.csproj", "{7A673B5D-E025-46F4-9D1A-10BD5E655D00}"
EndProject
Global
	GlobalSection(SolutionConfigurationPlatforms) = preSolution
		Debug|Any CPU = Debug|Any CPU
		Release|Any CPU = Release|Any CPU
	EndGlobalSection
	GlobalSection(ProjectConfigurationPlatforms) = postSolution
		{7A673B5D-E025-46F4-9D1A-10BD5E655D00}.Debug|Any CPU.ActiveCfg = Debug|Any CPU
		{7A673B5D-E025-46F4-9D1A-10BD5E655D00}.Debug|Any CPU.Build.0 = Debug|Any CPU
		{7A673B5D-E025-46F4-9D1A-10BD5E655D00}.Release|Any CPU.ActiveCfg = Release|Any CPU
		{7A673B5D-E025-46F4-9D1A-10BD5E655D00}.Release|Any CPU.Build.0 = Release|Any CPU
	EndGlobalSection
	GlobalSection(SolutionProperties) = preSolution
		HideSolutionNode = FALSE
	EndGlobalSection
	GlobalSection(ExtensibilityGlobals) = postSolution
		SolutionGuid = {FC5F61FD-8588-4DD7-AB41-E715AF8A1D9A}
	EndGlobalSection
EndGlobal
