
Microsoft Visual Studio Solution File, Format Version 12.00
# Visual Studio Version 16
VisualStudioVersion = 16.0.30621.155
MinimumVisualStudioVersion = 10.0.40219.1
Project("{FAE04EC0-301F-11D3-BF4B-00C04F79EFBC}") = "24_repaso_ut1", "24_repaso_ut1\24_repaso_ut1.csproj", "{BABFC7A8-4A87-4C73-879E-173F97C6FB8F}"
EndProject
Global
	GlobalSection(SolutionConfigurationPlatforms) = preSolution
		Debug|Any CPU = Debug|Any CPU
		Release|Any CPU = Release|Any CPU
	EndGlobalSection
	GlobalSection(ProjectConfigurationPlatforms) = postSolution
		{BABFC7A8-4A87-4C73-879E-173F97C6FB8F}.Debug|Any CPU.ActiveCfg = Debug|Any CPU
		{BABFC7A8-4A87-4C73-879E-173F97C6FB8F}.Debug|Any CPU.Build.0 = Debug|Any CPU
		{BABFC7A8-4A87-4C73-879E-173F97C6FB8F}.Release|Any CPU.ActiveCfg = Release|Any CPU
		{BABFC7A8-4A87-4C73-879E-173F97C6FB8F}.Release|Any CPU.Build.0 = Release|Any CPU
	EndGlobalSection
	GlobalSection(SolutionProperties) = preSolution
		HideSolutionNode = FALSE
	EndGlobalSection
	GlobalSection(ExtensibilityGlobals) = postSolution
		SolutionGuid = {AD25065B-FB3E-48E1-A665-F08E7358A1A1}
	EndGlobalSection
EndGlobal
